
Microsoft Visual Studio Solution File, Format Version 12.00
# Visual Studio Version 17
VisualStudioVersion = 17.11.35208.52
MinimumVisualStudioVersion = 10.0.40219.1
Project("{FAE04EC0-301F-11D3-BF4B-00C04F79EFBC}") = "QueueAtStore", "QueueAtStore.csproj", "{188C40A6-B9C6-4D32-9C60-BBF5BC9BDE14}"
EndProject
Global
	GlobalSection(SolutionConfigurationPlatforms) = preSolution
		Debug|Any CPU = Debug|Any CPU
		Release|Any CPU = Release|Any CPU
	EndGlobalSection
	GlobalSection(ProjectConfigurationPlatforms) = postSolution
		{188C40A6-B9C6-4D32-9C60-BBF5BC9BDE14}.Debug|Any CPU.ActiveCfg = Debug|Any CPU
		{188C40A6-B9C6-4D32-9C60-BBF5BC9BDE14}.Debug|Any CPU.Build.0 = Debug|Any CPU
		{188C40A6-B9C6-4D32-9C60-BBF5BC9BDE14}.Release|Any CPU.ActiveCfg = Release|Any CPU
		{188C40A6-B9C6-4D32-9C60-BBF5BC9BDE14}.Release|Any CPU.Build.0 = Release|Any CPU
	EndGlobalSection
	GlobalSection(SolutionProperties) = preSolution
		HideSolutionNode = FALSE
	EndGlobalSection
	GlobalSection(ExtensibilityGlobals) = postSolution
		SolutionGuid = {A1B8F602-D385-4303-8004-FF1278B7F6B6}
	EndGlobalSection
EndGlobal
